
Microsoft Visual Studio Solution File, Format Version 12.00
# Visual Studio Version 17
VisualStudioVersion = 17.0.32112.339
MinimumVisualStudioVersion = 10.0.40219.1
Project("{FAE04EC0-301F-11D3-BF4B-00C04F79EFBC}") = "EmployeeWage", "EmployeeWage\EmployeeWage.csproj", "{89EC89D4-7FD9-4DE0-8796-28CC156E1168}"
EndProject
Global
	GlobalSection(SolutionConfigurationPlatforms) = preSolution
		Debug|Any CPU = Debug|Any CPU
		Release|Any CPU = Release|Any CPU
	EndGlobalSection
	GlobalSection(ProjectConfigurationPlatforms) = postSolution
		{89EC89D4-7FD9-4DE0-8796-28CC156E1168}.Debug|Any CPU.ActiveCfg = Debug|Any CPU
		{89EC89D4-7FD9-4DE0-8796-28CC156E1168}.Debug|Any CPU.Build.0 = Debug|Any CPU
		{89EC89D4-7FD9-4DE0-8796-28CC156E1168}.Release|Any CPU.ActiveCfg = Release|Any CPU
		{89EC89D4-7FD9-4DE0-8796-28CC156E1168}.Release|Any CPU.Build.0 = Release|Any CPU
	EndGlobalSection
	GlobalSection(SolutionProperties) = preSolution
		HideSolutionNode = FALSE
	EndGlobalSection
	GlobalSection(ExtensibilityGlobals) = postSolution
		SolutionGuid = {3C2D27E6-39F0-48A2-819F-A4D6F6D1C5AB}
	EndGlobalSection
EndGlobal
